// !$*UTF8*$!
{
	archiveVersion = 1;
	classes = {
	};
	objectVersion = 46;
	objects = {

/* Begin PBXBuildFile section */
		B0B2ADDC1D00B5D70086F8A8 /* AppDelegate.swift in Sources */ = {isa = PBXBuildFile; fileRef = B0B2ADDB1D00B5D70086F8A8 /* AppDelegate.swift */; };
		B0B2ADDE1D00B5D70086F8A8 /* ViewController.swift in Sources */ = {isa = PBXBuildFile; fileRef = B0B2ADDD1D00B5D70086F8A8 /* ViewController.swift */; };
		B0B2ADE11D00B5D70086F8A8 /* Main.storyboard in Resources */ = {isa = PBXBuildFile; fileRef = B0B2ADDF1D00B5D70086F8A8 /* Main.storyboard */; };
		B0B2ADE31D00B5D70086F8A8 /* Assets.xcassets in Resources */ = {isa = PBXBuildFile; fileRef = B0B2ADE21D00B5D70086F8A8 /* Assets.xcassets */; };
		B0B2ADE61D00B5D70086F8A8 /* LaunchScreen.storyboard in Resources */ = {isa = PBXBuildFile; fileRef = B0B2ADE41D00B5D70086F8A8 /* LaunchScreen.storyboard */; };
/* End PBXBuildFile section */

/* Begin PBXFileReference section */
		B0B2ADD81D00B5D70086F8A8 /* Project2.app */ = {isa = PBXFileReference; explicitFileType = wrapper.application; includeInIndex = 0; path = Project2.app; sourceTree = BUILT_PRODUCTS_DIR; };
		B0B2ADDB1D00B5D70086F8A8 /* AppDelegate.swift */ = {isa = PBXFileReference; lastKnownFileType = sourcecode.swift; path = AppDelegate.swift; sourceTree = "<group>"; };
		B0B2ADDD1D00B5D70086F8A8 /* ViewController.swift */ = {isa = PBXFileReference; lastKnownFileType = sourcecode.swift; path = ViewController.swift; sourceTree = "<group>"; };
		B0B2ADE01D00B5D70086F8A8 /* Base */ = {isa = PBXFileReference; lastKnownFileType = file.storyboard; name = Base; path = Base.lproj/Main.storyboard; sourceTree = "<group>"; };
		B0B2ADE21D00B5D70086F8A8 /* Assets.xcassets */ = {isa = PBXFileReference; lastKnownFileType = folder.assetcatalog; path = Assets.xcassets; sourceTree = "<group>"; };
		B0B2ADE51D00B5D70086F8A8 /* Base */ = {isa = PBXFileReference; lastKnownFileType = file.storyboard; name = Base; path = Base.lproj/LaunchScreen.storyboard; sourceTree = "<group>"; };
		B0B2ADE71D00B5D70086F8A8 /* Info.plist */ = {isa = PBXFileReference; lastKnownFileType = text.plist.xml; path = Info.plist; sourceTree = "<group>"; };
/* End PBXFileReference section */

/* Begin PBXFrameworksBuildPhase section */
		B0B2ADD51D00B5D70086F8A8 /* Frameworks */ = {
			isa = PBXFrameworksBuildPhase;
			buildActionMask = 2147483647;
			files = (
			);
			runOnlyForDeploymentPostprocessing = 0;
		};
/* End PBXFrameworksBuildPhase section */

/* Begin PBXGroup section */
		B0B2ADCF1D00B5D70086F8A8 = {
			isa = PBXGroup;
			children = (
				B0B2ADDA1D00B5D70086F8A8 /* Project2 */,
				B0B2ADD91D00B5D70086F8A8 /* Products */,
			);
			sourceTree = "<group>";
		};
		B0B2ADD91D00B5D70086F8A8 /* Products */ = {
			isa = PBXGroup;
			children = (
				B0B2ADD81D00B5D70086F8A8 /* Project2.app */,
			);
			name = Products;
			sourceTree = "<group>";
		};
		B0B2ADDA1D00B5D70086F8A8 /* Project2 */ = {
			isa = PBXGroup;
			children = (
				B0B2ADDB1D00B5D70086F8A8 /* AppDelegate.swift */,
				B0B2ADDD1D00B5D70086F8A8 /* ViewController.swift */,
				B0B2ADDF1D00B5D70086F8A8 /* Main.storyboard */,
				B0B2ADE21D00B5D70086F8A8 /* Assets.xcassets */,
				B0B2ADE41D00B5D70086F8A8 /* LaunchScreen.storyboard */,
				B0B2ADE71D00B5D70086F8A8 /* Info.plist */,
			);
			path = Project2;
			sourceTree = "<group>";
		};
/* End PBXGroup section */

/* Begin PBXNativeTarget section */
		B0B2ADD71D00B5D70086F8A8 /* Project2 */ = {
			isa = PBXNativeTarget;
			buildConfigurationList = B0B2ADEA1D00B5D70086F8A8 /* Build configuration list for PBXNativeTarget "Project2" */;
			buildPhases = (
				B0B2ADD41D00B5D70086F8A8 /* Sources */,
				B0B2ADD51D00B5D70086F8A8 /* Frameworks */,
				B0B2ADD61D00B5D70086F8A8 /* Resources */,
			);
			buildRules = (
			);
			dependencies = (
			);
			name = Project2;
			productName = Project2;
			productReference = B0B2ADD81D00B5D70086F8A8 /* Project2.app */;
			productType = "com.apple.product-type.application";
		};
/* End PBXNativeTarget section */

/* Begin PBXProject section */
		B0B2ADD01D00B5D70086F8A8 /* Project object */ = {
			isa = PBXProject;
			attributes = {
				LastSwiftUpdateCheck = 0730;
				LastUpgradeCheck = 0730;
				ORGANIZATIONNAME = "Daniel Loureda Arteaga";
				TargetAttributes = {
					B0B2ADD71D00B5D70086F8A8 = {
						CreatedOnToolsVersion = 7.3;
					};
				};
			};
			buildConfigurationList = B0B2ADD31D00B5D70086F8A8 /* Build configuration list for PBXProject "Project2" */;
			compatibilityVersion = "Xcode 3.2";
			developmentRegion = English;
			hasScannedForEncodings = 0;
			knownRegions = (
				en,
				Base,
			);
			mainGroup = B0B2ADCF1D00B5D70086F8A8;
			productRefGroup = B0B2ADD91D00B5D70086F8A8 /* Products */;
			projectDirPath = "";
			projectRoot = "";
			targets = (
				B0B2ADD71D00B5D70086F8A8 /* Project2 */,
			);
		};
/* End PBXProject section */

/* Begin PBXResourcesBuildPhase section */
		B0B2ADD61D00B5D70086F8A8 /* Resources */ = {
			isa = PBXResourcesBuildPhase;
			buildActionMask = 2147483647;
			files = (
				B0B2ADE61D00B5D70086F8A8 /* LaunchScreen.storyboard in Resources */,
				B0B2ADE31D00B5D70086F8A8 /* Assets.xcassets in Resources */,
				B0B2ADE11D00B5D70086F8A8 /* Main.storyboard in Resources */,
			);
			runOnlyForDeploymentPostprocessing = 0;
		};
/* End PBXResourcesBuildPhase section */

/* Begin PBXSourcesBuildPhase section */
		B0B2ADD41D00B5D70086F8A8 /* Sources */ = {
			isa = PBXSourcesBuildPhase;
			buildActionMask = 2147483647;
			files = (
				B0B2ADDE1D00B5D70086F8A8 /* ViewController.swift in Sources */,
				B0B2ADDC1D00B5D70086F8A8 /* AppDelegate.swift in Sources */,
			);
			runOnlyForDeploymentPostprocessing = 0;
		};
/* End PBXSourcesBuildPhase section */

/* Begin PBXVariantGroup section */
		B0B2ADDF1D00B5D70086F8A8 /* Main.storyboard */ = {
			isa = PBXVariantGroup;
			children = (
				B0B2ADE01D00B5D70086F8A8 /* Base */,
			);
			name = Main.storyboard;
			sourceTree = "<group>";
		};
		B0B2ADE41D00B5D70086F8A8 /* LaunchScreen.storyboard */ = {
			isa = PBXVariantGroup;
			children = (
				B0B2ADE51D00B5D70086F8A8 /* Base */,
			);
			name = LaunchScreen.storyboard;
			sourceTree = "<group>";
		};
/* End PBXVariantGroup section */

/* Begin XCBuildConfiguration section */
		B0B2ADE81D00B5D70086F8A8 /* Debug */ = {
			isa = XCBuildConfiguration;
			buildSettings = {
				ALWAYS_SEARCH_USER_PATHS = NO;
				CLANG_ANALYZER_NONNULL = YES;
				CLANG_CXX_LANGUAGE_STANDARD = "gnu++0x";
				CLANG_CXX_LIBRARY = "libc++";
				CLANG_ENABLE_MODULES = YES;
				CLANG_ENABLE_OBJC_ARC = YES;
				CLANG_WARN_BOOL_CONVERSION = YES;
				CLANG_WARN_CONSTANT_CONVERSION = YES;
				CLANG_WARN_DIRECT_OBJC_ISA_USAGE = YES_ERROR;
				CLANG_WARN_EMPTY_BODY = YES;
				CLANG_WARN_ENUM_CONVERSION = YES;
				CLANG_WARN_INT_CONVERSION = YES;
				CLANG_WARN_OBJC_ROOT_CLASS = YES_ERROR;
				CLANG_WARN_UNREACHABLE_CODE = YES;
				CLANG_WARN__DUPLICATE_METHOD_MATCH = YES;
				"CODE_SIGN_IDENTITY[sdk=iphoneos*]" = "iPhone Developer";
				COPY_PHASE_STRIP = NO;
				DEBUG_INFORMATION_FORMAT = dwarf;
				ENABLE_STRICT_OBJC_MSGSEND = YES;
				ENABLE_TESTABILITY = YES;
				GCC_C_LANGUAGE_STANDARD = gnu99;
				GCC_DYNAMIC_NO_PIC = NO;
				GCC_NO_COMMON_BLOCKS = YES;
				GCC_OPTIMIZATION_LEVEL = 0;
				GCC_PREPROCESSOR_DEFINITIONS = (
					"DEBUG=1",
					"$(inherited)",
				);
				GCC_WARN_64_TO_32_BIT_CONVERSION = YES;
				GCC_WARN_ABOUT_RETURN_TYPE = YES_ERROR;
				GCC_WARN_UNDECLARED_SELECTOR = YES;
				GCC_WARN_UNINITIALIZED_AUTOS = YES_AGGRESSIVE;
				GCC_WARN_UNUSED_FUNCTION = YES;
				GCC_WARN_UNUSED_VARIABLE = YES;
				IPHONEOS_DEPLOYMENT_TARGET = 9.3;
				MTL_ENABLE_DEBUG_INFO = YES;
				ONLY_ACTIVE_ARCH = YES;
				SDKROOT = iphoneos;
				SWIFT_OPTIMIZATION_LEVEL = "-Onone";
			};
			name = Debug;
		};
		B0B2ADE91D00B5D70086F8A8 /* Release */ = {
			isa = XCBuildConfiguration;
			buildSettings = {
				ALWAYS_SEARCH_USER_PATHS = NO;
				CLANG_ANALYZER_NONNULL = YES;
				CLANG_CXX_LANGUAGE_STANDARD = "gnu++0x";
				CLANG_CXX_LIBRARY = "libc++";
				CLANG_ENABLE_MODULES = YES;
				CLANG_ENABLE_OBJC_ARC = YES;
				CLANG_WARN_BOOL_CONVERSION = YES;
				CLANG_WARN_CONSTANT_CONVERSION = YES;
				CLANG_WARN_DIRECT_OBJC_ISA_USAGE = YES_ERROR;
				CLANG_WARN_EMPTY_BODY = YES;
				CLANG_WARN_ENUM_CONVERSION = YES;
				CLANG_WARN_INT_CONVERSION = YES;
				CLANG_WARN_OBJC_ROOT_CLASS = YES_ERROR;
				CLANG_WARN_UNREACHABLE_CODE = YES;
				CLANG_WARN__DUPLICATE_METHOD_MATCH = YES;
				"CODE_SIGN_IDENTITY[sdk=iphoneos*]" = "iPhone Developer";
				COPY_PHASE_STRIP = NO;
				DEBUG_INFORMATION_FORMAT = "dwarf-with-dsym";
				ENABLE_NS_ASSERTIONS = NO;
				ENABLE_STRICT_OBJC_MSGSEND = YES;
				GCC_C_LANGUAGE_STANDARD = gnu99;
				GCC_NO_COMMON_BLOCKS = YES;
				GCC_WARN_64_TO_32_BIT_CONVERSION = YES;
				GCC_WARN_ABOUT_RETURN_TYPE = YES_ERROR;
				GCC_WARN_UNDECLARED_SELECTOR = YES;
				GCC_WARN_UNINITIALIZED_AUTOS = YES_AGGRESSIVE;
				GCC_WARN_UNUSED_FUNCTION = YES;
				GCC_WARN_UNUSED_VARIABLE = YES;
				IPHONEOS_DEPLOYMENT_TARGET = 9.3;
				MTL_ENABLE_DEBUG_INFO = NO;
				SDKROOT = iphoneos;
				VALIDATE_PRODUCT = YES;
			};
			name = Release;
		};
		B0B2ADEB1D00B5D70086F8A8 /* Debug */ = {
			isa = XCBuildConfiguration;
			buildSettings = {
				ASSETCATALOG_COMPILER_APPICON_NAME = AppIcon;
				INFOPLIST_FILE = Project2/Info.plist;
				LD_RUNPATH_SEARCH_PATHS = "$(inherited) @executable_path/Frameworks";
				PRODUCT_BUNDLE_IDENTIFIER = es.dano.Project2;
				PRODUCT_NAME = "$(TARGET_NAME)";
			};
			name = Debug;
		};
		B0B2ADEC1D00B5D70086F8A8 /* Release */ = {
			isa = XCBuildConfiguration;
			buildSettings = {
				ASSETCATALOG_COMPILER_APPICON_NAME = AppIcon;
				INFOPLIST_FILE = Project2/Info.plist;
				LD_RUNPATH_SEARCH_PATHS = "$(inherited) @executable_path/Frameworks";
				PRODUCT_BUNDLE_IDENTIFIER = es.dano.Project2;
				PRODUCT_NAME = "$(TARGET_NAME)";
			};
			name = Release;
		};
/* End XCBuildConfiguration section */

/* Begin XCConfigurationList section */
		B0B2ADD31D00B5D70086F8A8 /* Build configuration list for PBXProject "Project2" */ = {
			isa = XCConfigurationList;
			buildConfigurations = (
				B0B2ADE81D00B5D70086F8A8 /* Debug */,
				B0B2ADE91D00B5D70086F8A8 /* Release */,
			);
			defaultConfigurationIsVisible = 0;
			defaultConfigurationName = Release;
		};
		B0B2ADEA1D00B5D70086F8A8 /* Build configuration list for PBXNativeTarget "Project2" */ = {
			isa = XCConfigurationList;
			buildConfigurations = (
				B0B2ADEB1D00B5D70086F8A8 /* Debug */,
				B0B2ADEC1D00B5D70086F8A8 /* Release */,
			);
			defaultConfigurationIsVisible = 0;
		};
/* End XCConfigurationList section */
	};
	rootObject = B0B2ADD01D00B5D70086F8A8 /* Project object */;
}
